// !$*UTF8*$!
{
	archiveVersion = 1;
	classes = {
	};
	objectVersion = 77;
	objects = {

/* Begin PBXBuildFile section */
		037F14B6FF278676A602E731 /* ProjectsView.swift in Sources */ = {isa = PBXBuildFile; fileRef = C14966C7D2C00A80A9CE0115 /* ProjectsView.swift */; };
		0653D6C5B62061E13B71F1EA /* ReferencePanelView.swift in Sources */ = {isa = PBXBuildFile; fileRef = A225ADDF85117C42771140CB /* ReferencePanelView.swift */; };
		08E7CB4C3FC3194116332A82 /* MarkdownEditor in Frameworks */ = {isa = PBXBuildFile; productRef = 9E2A054BB2B7B62B5886B52A /* MarkdownEditor */; };
		0C284ADB41A294CE0AAD7C89 /* HomeView.swift in Sources */ = {isa = PBXBuildFile; fileRef = 8D11BB4282BA195D4F440C97 /* HomeView.swift */; };
		0C8F489439A4B5B19DA05CAE /* TouchBarController.swift in Sources */ = {isa = PBXBuildFile; fileRef = 732C34C9124878FB3421665B /* TouchBarController.swift */; };
		0DD98C875149FAACF0F32715 /* OnboardingView.swift in Sources */ = {isa = PBXBuildFile; fileRef = 9D2DD6F7D78DD554B7D78CBC /* OnboardingView.swift */; };
		0E27B11F3544F7119C5D46D5 /* QuickLookPreview.appex in Embed Foundation Extensions */ = {isa = PBXBuildFile; fileRef = AB8211ABC3BC87B510ADD380 /* QuickLookPreview.appex */; settings = {ATTRIBUTES = (RemoveHeadersOnCopy, ); }; };
		2B4FEF7DA64585999B5A0B72 /* SnapshotPanelView.swift in Sources */ = {isa = PBXBuildFile; fileRef = 1B136A9A1BCEB44F6DEEECA3 /* SnapshotPanelView.swift */; };
		2BE731F8989DBAB49443A5E5 /* MindMapEditor in Frameworks */ = {isa = PBXBuildFile; productRef = 2156137A81292CD1ACB4C89C /* MindMapEditor */; };
		376249414C17B9E064AD94FD /* BackupTimelineView.swift in Sources */ = {isa = PBXBuildFile; fileRef = 3A17E86B8424F8306FD4B021 /* BackupTimelineView.swift */; };
		38DE31DACDA9CBF0F29371FD /* StatsLedger.swift in Sources */ = {isa = PBXBuildFile; fileRef = 1D69E2937C576231B4DE757D /* StatsLedger.swift */; };
		3FAC1FB551CFA25588210BE4 /* AIAgentKit in Frameworks */ = {isa = PBXBuildFile; productRef = 00F386E97DD83D5B4B114EB5 /* AIAgentKit */; };
		519495F81274ADAC54E8A6BA /* GuideProjectSystem.swift in Sources */ = {isa = PBXBuildFile; fileRef = 6C1C8E2C6457466A3B1E2759 /* GuideProjectSystem.swift */; };
		51C286220DFB354DA4F2100C /* ProfileView.swift in Sources */ = {isa = PBXBuildFile; fileRef = 0573DE5D33E846CBAC56F881 /* ProfileView.swift */; };
		5E9DA683C799988C7528B0D5 /* ProjectNavigatorView.swift in Sources */ = {isa = PBXBuildFile; fileRef = E800858DAE6A5964240C59E7 /* ProjectNavigatorView.swift */; };
		5F8F9E2456FF7C42AF7650A0 /* DocumentKit in Frameworks */ = {isa = PBXBuildFile; productRef = BDB3362F902C34778C95F899 /* DocumentKit */; };
		6153C6BC26EA5E188A2BF0AC /* PreviewProvider.swift in Sources */ = {isa = PBXBuildFile; fileRef = A4046E7879AFA051EBD1A564 /* PreviewProvider.swift */; };
		67055F5F043BA0459DC2E0D9 /* SidebarView.swift in Sources */ = {isa = PBXBuildFile; fileRef = E3ED3D33526C84530606161E /* SidebarView.swift */; };
		739698DB548DA49A80F70BF0 /* PersistenceKit in Frameworks */ = {isa = PBXBuildFile; productRef = A79C4CEF0465317FD9C7756D /* PersistenceKit */; };
		73C1957625A8EF96EE98588F /* AppKitTweaks.swift in Sources */ = {isa = PBXBuildFile; fileRef = AB3A38D7E56C4651C29B5608 /* AppKitTweaks.swift */; };
		755B0B0B607E9D105E67F080 /* SecurityKit in Frameworks */ = {isa = PBXBuildFile; productRef = D360B4756CE0BA218F903BD9 /* SecurityKit */; };
		864BCFA12CA4C3B99F0D27F7 /* RenderingKit in Frameworks */ = {isa = PBXBuildFile; productRef = 75F6E4913FEF7E67809AA77C /* RenderingKit */; };
		940CCB411068FF0559A82462 /* ScenarioEditor in Frameworks */ = {isa = PBXBuildFile; productRef = C2FB5974A13E9BFA33F4DADE /* ScenarioEditor */; };
		A96F92D2F89ED82A866DDCAE /* PreviewHTML.swift in Sources */ = {isa = PBXBuildFile; fileRef = E2DEF35436BFC2F4C4DC54C2 /* PreviewHTML.swift */; };
		AF49D942F7AC3E75387EBE40 /* DocumentSession.swift in Sources */ = {isa = PBXBuildFile; fileRef = 7858C36D928A18AE009A7109 /* DocumentSession.swift */; };
		B0E08BE2CC13E2A7FB413884 /* SplashView.swift in Sources */ = {isa = PBXBuildFile; fileRef = 0490EBB381A14573E023B9F0 /* SplashView.swift */; };
		BA6BF5A23001C363B2C21DFA /* DesignSystem in Frameworks */ = {isa = PBXBuildFile; productRef = 3722969A975C520EC306C467 /* DesignSystem */; };
		BBF47A2C561F1C3AE8B91E0A /* SettingsKit in Frameworks */ = {isa = PBXBuildFile; productRef = E03BBB394470E4A945388DA5 /* SettingsKit */; };
		C37F37214D6BB885234F7E72 /* CoreFlowsUITests.swift in Sources */ = {isa = PBXBuildFile; fileRef = F703BC5601B5D91B52285ACA /* CoreFlowsUITests.swift */; };
		C494EDD5B6181E2B58C3A896 /* MainWindowView.swift in Sources */ = {isa = PBXBuildFile; fileRef = B272B5B24C1D05E090A56FDE /* MainWindowView.swift */; };
		C583879B0B6F94558BFF19A2 /* Assets.xcassets in Resources */ = {isa = PBXBuildFile; fileRef = 58A12D2048D706809356DC2A /* Assets.xcassets */; };
		CE45AB899CBA391F2CACB07F /* AppState.swift in Sources */ = {isa = PBXBuildFile; fileRef = F97888449FE61B870DCDF0F5 /* AppState.swift */; };
		CFEF4DEACF5E17DD4C225A7E /* DocumentKit in Frameworks */ = {isa = PBXBuildFile; productRef = 8493861596FEF81117D079D6 /* DocumentKit */; };
		D07FC1590E903DE8C0F8D3DE /* UpdateSystem.swift in Sources */ = {isa = PBXBuildFile; fileRef = EDBC0833EB295B65F94EE7D6 /* UpdateSystem.swift */; };
		DE91361733956BCE990D585A /* CommandPaletteView.swift in Sources */ = {isa = PBXBuildFile; fileRef = 5F664E7ACD2C4618DF9D5834 /* CommandPaletteView.swift */; };
		DEDBCA2FAA6C5AACAAD3ADE0 /* SonnetCreateApp.swift in Sources */ = {isa = PBXBuildFile; fileRef = 4569EF77C5A0CA89521E12A9 /* SonnetCreateApp.swift */; };
		E9C53E46E0FA962C9C0A994F /* FileManagerKit in Frameworks */ = {isa = PBXBuildFile; productRef = 2009A9936B231F52033452B6 /* FileManagerKit */; };
		F3A9288811842CF2CEF9F518 /* BackupKit in Frameworks */ = {isa = PBXBuildFile; productRef = F258D05B19638E682FD5109D /* BackupKit */; };
		FC099ED60FC655FAEC220640 /* AppCore in Frameworks */ = {isa = PBXBuildFile; productRef = B66C46C1CF946DC42CF32CC2 /* AppCore */; };
		FC2A014B0269B528555A98D5 /* AIChatView.swift in Sources */ = {isa = PBXBuildFile; fileRef = E97FEA9BD30A9EBCDFF468D0 /* AIChatView.swift */; };
		FFFA892331E744FA409EFB45 /* WorkspaceTools.swift in Sources */ = {isa = PBXBuildFile; fileRef = 79BB5136C5FBFAB8B8F43F40 /* WorkspaceTools.swift */; };
/* End PBXBuildFile section */

/* Begin PBXContainerItemProxy section */
		35A797695D238333CCEE848A /* PBXContainerItemProxy */ = {
			isa = PBXContainerItemProxy;
			containerPortal = 1515F5E085B93D0F8522FF5A /* Project object */;
			proxyType = 1;
			remoteGlobalIDString = 89D980997194E42E7289F99D;
			remoteInfo = SonnetCreate;
		};
		ECDBEF22FAB2425C20A3015E /* PBXContainerItemProxy */ = {
			isa = PBXContainerItemProxy;
			containerPortal = 1515F5E085B93D0F8522FF5A /* Project object */;
			proxyType = 1;
			remoteGlobalIDString = A5A0A407A34703C5D4AC1A50;
			remoteInfo = QuickLookPreview;
		};
/* End PBXContainerItemProxy section */

/* Begin PBXCopyFilesBuildPhase section */
		A0253B2DCD320CFD469FF86B /* Embed Foundation Extensions */ = {
			isa = PBXCopyFilesBuildPhase;
			buildActionMask = 2147483647;
			dstPath = "";
			dstSubfolderSpec = 13;
			files = (
				0E27B11F3544F7119C5D46D5 /* QuickLookPreview.appex in Embed Foundation Extensions */,
			);
			name = "Embed Foundation Extensions";
			runOnlyForDeploymentPostprocessing = 0;
		};
/* End PBXCopyFilesBuildPhase section */

/* Begin PBXFileReference section */
		0490EBB381A14573E023B9F0 /* SplashView.swift */ = {isa = PBXFileReference; lastKnownFileType = sourcecode.swift; path = SplashView.swift; sourceTree = "<group>"; };
		0573DE5D33E846CBAC56F881 /* ProfileView.swift */ = {isa = PBXFileReference; lastKnownFileType = sourcecode.swift; path = ProfileView.swift; sourceTree = "<group>"; };
		0B44C3D75121B9967F503526 /* FileManagerKit */ = {isa = PBXFileReference; lastKnownFileType = folder; name = FileManagerKit; path = ../Packages/FileManagerKit; sourceTree = SOURCE_ROOT; };
		1B136A9A1BCEB44F6DEEECA3 /* SnapshotPanelView.swift */ = {isa = PBXFileReference; lastKnownFileType = sourcecode.swift; path = SnapshotPanelView.swift; sourceTree = "<group>"; };
		1D69E2937C576231B4DE757D /* StatsLedger.swift */ = {isa = PBXFileReference; lastKnownFileType = sourcecode.swift; path = StatsLedger.swift; sourceTree = "<group>"; };
		1D99E3851BA6E0A5B95B1508 /* DesignSystem */ = {isa = PBXFileReference; lastKnownFileType = folder; name = DesignSystem; path = ../Packages/DesignSystem; sourceTree = SOURCE_ROOT; };
		3A17E86B8424F8306FD4B021 /* BackupTimelineView.swift */ = {isa = PBXFileReference; lastKnownFileType = sourcecode.swift; path = BackupTimelineView.swift; sourceTree = "<group>"; };
		4569EF77C5A0CA89521E12A9 /* SonnetCreateApp.swift */ = {isa = PBXFileReference; lastKnownFileType = sourcecode.swift; path = SonnetCreateApp.swift; sourceTree = "<group>"; };
		4628856A11566F09FABBC508 /* MarkdownEditor */ = {isa = PBXFileReference; lastKnownFileType = folder; name = MarkdownEditor; path = ../Packages/MarkdownEditor; sourceTree = SOURCE_ROOT; };
		47D919E88293EA900C5A91AE /* SettingsKit */ = {isa = PBXFileReference; lastKnownFileType = folder; name = SettingsKit; path = ../Packages/SettingsKit; sourceTree = SOURCE_ROOT; };
		4C3C3A0D346929F536465572 /* RenderingKit */ = {isa = PBXFileReference; lastKnownFileType = folder; name = RenderingKit; path = ../Packages/RenderingKit; sourceTree = SOURCE_ROOT; };
		56B7230F4536E4571918BEE9 /* AIAgentKit */ = {isa = PBXFileReference; lastKnownFileType = folder; name = AIAgentKit; path = ../Packages/AIAgentKit; sourceTree = SOURCE_ROOT; };
		58A12D2048D706809356DC2A /* Assets.xcassets */ = {isa = PBXFileReference; lastKnownFileType = folder.assetcatalog; path = Assets.xcassets; sourceTree = "<group>"; };
		5F664E7ACD2C4618DF9D5834 /* CommandPaletteView.swift */ = {isa = PBXFileReference; lastKnownFileType = sourcecode.swift; path = CommandPaletteView.swift; sourceTree = "<group>"; };
		64D0C47C0D78C6FF8AB2C623 /* DocumentKit */ = {isa = PBXFileReference; lastKnownFileType = folder; name = DocumentKit; path = ../Packages/DocumentKit; sourceTree = SOURCE_ROOT; };
		6C1C8E2C6457466A3B1E2759 /* GuideProjectSystem.swift */ = {isa = PBXFileReference; lastKnownFileType = sourcecode.swift; path = GuideProjectSystem.swift; sourceTree = "<group>"; };
		732C34C9124878FB3421665B /* TouchBarController.swift */ = {isa = PBXFileReference; lastKnownFileType = sourcecode.swift; path = TouchBarController.swift; sourceTree = "<group>"; };
		7858C36D928A18AE009A7109 /* DocumentSession.swift */ = {isa = PBXFileReference; lastKnownFileType = sourcecode.swift; path = DocumentSession.swift; sourceTree = "<group>"; };
		79BB5136C5FBFAB8B8F43F40 /* WorkspaceTools.swift */ = {isa = PBXFileReference; lastKnownFileType = sourcecode.swift; path = WorkspaceTools.swift; sourceTree = "<group>"; };
		8573EF3D5CB4A904AC4508A6 /* SonnetCreate.app */ = {isa = PBXFileReference; explicitFileType = wrapper.application; includeInIndex = 0; path = SonnetCreate.app; sourceTree = BUILT_PRODUCTS_DIR; };
		8B5242E6D85B6063EED37A75 /* PersistenceKit */ = {isa = PBXFileReference; lastKnownFileType = folder; name = PersistenceKit; path = ../Packages/PersistenceKit; sourceTree = SOURCE_ROOT; };
		8D11BB4282BA195D4F440C97 /* HomeView.swift */ = {isa = PBXFileReference; lastKnownFileType = sourcecode.swift; path = HomeView.swift; sourceTree = "<group>"; };
		99DDCD817FBAB1586D2FD450 /* Info.plist */ = {isa = PBXFileReference; lastKnownFileType = text.plist; path = Info.plist; sourceTree = "<group>"; };
		9D2DD6F7D78DD554B7D78CBC /* OnboardingView.swift */ = {isa = PBXFileReference; lastKnownFileType = sourcecode.swift; path = OnboardingView.swift; sourceTree = "<group>"; };
		A225ADDF85117C42771140CB /* ReferencePanelView.swift */ = {isa = PBXFileReference; lastKnownFileType = sourcecode.swift; path = ReferencePanelView.swift; sourceTree = "<group>"; };
		A4046E7879AFA051EBD1A564 /* PreviewProvider.swift */ = {isa = PBXFileReference; lastKnownFileType = sourcecode.swift; path = PreviewProvider.swift; sourceTree = "<group>"; };
		A674A976F8B9DDDADE87118C /* MindMapEditor */ = {isa = PBXFileReference; lastKnownFileType = folder; name = MindMapEditor; path = ../Packages/MindMapEditor; sourceTree = SOURCE_ROOT; };
		AB3A38D7E56C4651C29B5608 /* AppKitTweaks.swift */ = {isa = PBXFileReference; lastKnownFileType = sourcecode.swift; path = AppKitTweaks.swift; sourceTree = "<group>"; };
		AB8211ABC3BC87B510ADD380 /* QuickLookPreview.appex */ = {isa = PBXFileReference; explicitFileType = "wrapper.app-extension"; includeInIndex = 0; path = QuickLookPreview.appex; sourceTree = BUILT_PRODUCTS_DIR; };
		ABBAECEF6C9CC82C4C0376F6 /* SecurityKit */ = {isa = PBXFileReference; lastKnownFileType = folder; name = SecurityKit; path = ../Packages/SecurityKit; sourceTree = SOURCE_ROOT; };
		AD78E348E12059A02780BCD4 /* BackupKit */ = {isa = PBXFileReference; lastKnownFileType = folder; name = BackupKit; path = ../Packages/BackupKit; sourceTree = SOURCE_ROOT; };
		B272B5B24C1D05E090A56FDE /* MainWindowView.swift */ = {isa = PBXFileReference; lastKnownFileType = sourcecode.swift; path = MainWindowView.swift; sourceTree = "<group>"; };
		BEF97F3EBD79DB77E8B85FD0 /* AppCore */ = {isa = PBXFileReference; lastKnownFileType = folder; name = AppCore; path = ../Packages/AppCore; sourceTree = SOURCE_ROOT; };
		C14966C7D2C00A80A9CE0115 /* ProjectsView.swift */ = {isa = PBXFileReference; lastKnownFileType = sourcecode.swift; path = ProjectsView.swift; sourceTree = "<group>"; };
		DA3306994A69721E5EB757A5 /* QuickLookPreview.entitlements */ = {isa = PBXFileReference; lastKnownFileType = text.plist.entitlements; path = QuickLookPreview.entitlements; sourceTree = "<group>"; };
		E2DEF35436BFC2F4C4DC54C2 /* PreviewHTML.swift */ = {isa = PBXFileReference; lastKnownFileType = sourcecode.swift; path = PreviewHTML.swift; sourceTree = "<group>"; };
		E3ED3D33526C84530606161E /* SidebarView.swift */ = {isa = PBXFileReference; lastKnownFileType = sourcecode.swift; path = SidebarView.swift; sourceTree = "<group>"; };
		E800858DAE6A5964240C59E7 /* ProjectNavigatorView.swift */ = {isa = PBXFileReference; lastKnownFileType = sourcecode.swift; path = ProjectNavigatorView.swift; sourceTree = "<group>"; };
		E97FEA9BD30A9EBCDFF468D0 /* AIChatView.swift */ = {isa = PBXFileReference; lastKnownFileType = sourcecode.swift; path = AIChatView.swift; sourceTree = "<group>"; };
		EB737F4FE27C1F63CFEC0FC5 /* SonnetCreateUITests.xctest */ = {isa = PBXFileReference; explicitFileType = wrapper.cfbundle; includeInIndex = 0; path = SonnetCreateUITests.xctest; sourceTree = BUILT_PRODUCTS_DIR; };
		EDB84974A63607FACEA8CC73 /* ScenarioEditor */ = {isa = PBXFileReference; lastKnownFileType = folder; name = ScenarioEditor; path = ../Packages/ScenarioEditor; sourceTree = SOURCE_ROOT; };
		EDBC0833EB295B65F94EE7D6 /* UpdateSystem.swift */ = {isa = PBXFileReference; lastKnownFileType = sourcecode.swift; path = UpdateSystem.swift; sourceTree = "<group>"; };
		F5F9B00914469D62BA5273B3 /* Info.plist */ = {isa = PBXFileReference; lastKnownFileType = text.plist; path = Info.plist; sourceTree = "<group>"; };
		F703BC5601B5D91B52285ACA /* CoreFlowsUITests.swift */ = {isa = PBXFileReference; lastKnownFileType = sourcecode.swift; path = CoreFlowsUITests.swift; sourceTree = "<group>"; };
		F97888449FE61B870DCDF0F5 /* AppState.swift */ = {isa = PBXFileReference; lastKnownFileType = sourcecode.swift; path = AppState.swift; sourceTree = "<group>"; };
/* End PBXFileReference section */

/* Begin PBXFrameworksBuildPhase section */
		3DF37BA9649A26302EBE5AE4 /* Frameworks */ = {
			isa = PBXFrameworksBuildPhase;
			buildActionMask = 2147483647;
			files = (
				FC099ED60FC655FAEC220640 /* AppCore in Frameworks */,
				BA6BF5A23001C363B2C21DFA /* DesignSystem in Frameworks */,
				739698DB548DA49A80F70BF0 /* PersistenceKit in Frameworks */,
				864BCFA12CA4C3B99F0D27F7 /* RenderingKit in Frameworks */,
				CFEF4DEACF5E17DD4C225A7E /* DocumentKit in Frameworks */,
				E9C53E46E0FA962C9C0A994F /* FileManagerKit in Frameworks */,
				3FAC1FB551CFA25588210BE4 /* AIAgentKit in Frameworks */,
				940CCB411068FF0559A82462 /* ScenarioEditor in Frameworks */,
				2BE731F8989DBAB49443A5E5 /* MindMapEditor in Frameworks */,
				08E7CB4C3FC3194116332A82 /* MarkdownEditor in Frameworks */,
				BBF47A2C561F1C3AE8B91E0A /* SettingsKit in Frameworks */,
				F3A9288811842CF2CEF9F518 /* BackupKit in Frameworks */,
				755B0B0B607E9D105E67F080 /* SecurityKit in Frameworks */,
			);
			runOnlyForDeploymentPostprocessing = 0;
		};
		EEE22AC3158B0BB07A5FCAB2 /* Frameworks */ = {
			isa = PBXFrameworksBuildPhase;
			buildActionMask = 2147483647;
			files = (
				5F8F9E2456FF7C42AF7650A0 /* DocumentKit in Frameworks */,
			);
			runOnlyForDeploymentPostprocessing = 0;
		};
/* End PBXFrameworksBuildPhase section */

/* Begin PBXGroup section */
		00A91D9485262C6F44AE6DD9 /* SonnetCreate */ = {
			isa = PBXGroup;
			children = (
				E97FEA9BD30A9EBCDFF468D0 /* AIChatView.swift */,
				AB3A38D7E56C4651C29B5608 /* AppKitTweaks.swift */,
				F97888449FE61B870DCDF0F5 /* AppState.swift */,
				58A12D2048D706809356DC2A /* Assets.xcassets */,
				3A17E86B8424F8306FD4B021 /* BackupTimelineView.swift */,
				5F664E7ACD2C4618DF9D5834 /* CommandPaletteView.swift */,
				7858C36D928A18AE009A7109 /* DocumentSession.swift */,
				6C1C8E2C6457466A3B1E2759 /* GuideProjectSystem.swift */,
				8D11BB4282BA195D4F440C97 /* HomeView.swift */,
				F5F9B00914469D62BA5273B3 /* Info.plist */,
				B272B5B24C1D05E090A56FDE /* MainWindowView.swift */,
				9D2DD6F7D78DD554B7D78CBC /* OnboardingView.swift */,
				0573DE5D33E846CBAC56F881 /* ProfileView.swift */,
				E800858DAE6A5964240C59E7 /* ProjectNavigatorView.swift */,
				C14966C7D2C00A80A9CE0115 /* ProjectsView.swift */,
				A225ADDF85117C42771140CB /* ReferencePanelView.swift */,
				E3ED3D33526C84530606161E /* SidebarView.swift */,
				1B136A9A1BCEB44F6DEEECA3 /* SnapshotPanelView.swift */,
				4569EF77C5A0CA89521E12A9 /* SonnetCreateApp.swift */,
				0490EBB381A14573E023B9F0 /* SplashView.swift */,
				1D69E2937C576231B4DE757D /* StatsLedger.swift */,
				732C34C9124878FB3421665B /* TouchBarController.swift */,
				EDBC0833EB295B65F94EE7D6 /* UpdateSystem.swift */,
				79BB5136C5FBFAB8B8F43F40 /* WorkspaceTools.swift */,
			);
			path = SonnetCreate;
			sourceTree = "<group>";
		};
		0282DD7997A0230628ECF015 /* Products */ = {
			isa = PBXGroup;
			children = (
				AB8211ABC3BC87B510ADD380 /* QuickLookPreview.appex */,
				8573EF3D5CB4A904AC4508A6 /* SonnetCreate.app */,
				EB737F4FE27C1F63CFEC0FC5 /* SonnetCreateUITests.xctest */,
			);
			name = Products;
			sourceTree = "<group>";
		};
		4C5D0DF8F6048AC6989A132A /* SonnetCreateUITests */ = {
			isa = PBXGroup;
			children = (
				F703BC5601B5D91B52285ACA /* CoreFlowsUITests.swift */,
			);
			path = SonnetCreateUITests;
			sourceTree = "<group>";
		};
		5BC52F3B5357A33E6EBAF2BE /* QuickLookPreview */ = {
			isa = PBXGroup;
			children = (
				99DDCD817FBAB1586D2FD450 /* Info.plist */,
				E2DEF35436BFC2F4C4DC54C2 /* PreviewHTML.swift */,
				A4046E7879AFA051EBD1A564 /* PreviewProvider.swift */,
				DA3306994A69721E5EB757A5 /* QuickLookPreview.entitlements */,
			);
			path = QuickLookPreview;
			sourceTree = "<group>";
		};
		9FC410B5ED69DBED70AB151D /* Packages */ = {
			isa = PBXGroup;
			children = (
				56B7230F4536E4571918BEE9 /* AIAgentKit */,
				BEF97F3EBD79DB77E8B85FD0 /* AppCore */,
				AD78E348E12059A02780BCD4 /* BackupKit */,
				1D99E3851BA6E0A5B95B1508 /* DesignSystem */,
				64D0C47C0D78C6FF8AB2C623 /* DocumentKit */,
				0B44C3D75121B9967F503526 /* FileManagerKit */,
				4628856A11566F09FABBC508 /* MarkdownEditor */,
				A674A976F8B9DDDADE87118C /* MindMapEditor */,
				8B5242E6D85B6063EED37A75 /* PersistenceKit */,
				4C3C3A0D346929F536465572 /* RenderingKit */,
				EDB84974A63607FACEA8CC73 /* ScenarioEditor */,
				ABBAECEF6C9CC82C4C0376F6 /* SecurityKit */,
				47D919E88293EA900C5A91AE /* SettingsKit */,
			);
			name = Packages;
			sourceTree = "<group>";
		};
		AE2B1751915E0933BD82B074 = {
			isa = PBXGroup;
			children = (
				9FC410B5ED69DBED70AB151D /* Packages */,
				5BC52F3B5357A33E6EBAF2BE /* QuickLookPreview */,
				00A91D9485262C6F44AE6DD9 /* SonnetCreate */,
				4C5D0DF8F6048AC6989A132A /* SonnetCreateUITests */,
				0282DD7997A0230628ECF015 /* Products */,
			);
			sourceTree = "<group>";
		};
/* End PBXGroup section */

/* Begin PBXNativeTarget section */
		74D281AA60F748D27CA909EC /* SonnetCreateUITests */ = {
			isa = PBXNativeTarget;
			buildConfigurationList = B17DA804769ED12D800DF242 /* Build configuration list for PBXNativeTarget "SonnetCreateUITests" */;
			buildPhases = (
				84B47D09394FDAB05DCF04C9 /* Sources */,
			);
			buildRules = (
			);
			dependencies = (
				C41BB1E9A2A6A932629DA982 /* PBXTargetDependency */,
			);
			name = SonnetCreateUITests;
			packageProductDependencies = (
			);
			productName = SonnetCreateUITests;
			productReference = EB737F4FE27C1F63CFEC0FC5 /* SonnetCreateUITests.xctest */;
			productType = "com.apple.product-type.bundle.ui-testing";
		};
		89D980997194E42E7289F99D /* SonnetCreate */ = {
			isa = PBXNativeTarget;
			buildConfigurationList = CCF6F510CE47A304E685463C /* Build configuration list for PBXNativeTarget "SonnetCreate" */;
			buildPhases = (
				D81CC33213E6A4C2B1ACC9D2 /* Sources */,
				49160F96D564B0657BC05AB6 /* Resources */,
				3DF37BA9649A26302EBE5AE4 /* Frameworks */,
				A0253B2DCD320CFD469FF86B /* Embed Foundation Extensions */,
			);
			buildRules = (
			);
			dependencies = (
				59FF9EC06713ABFE6B9E0A60 /* PBXTargetDependency */,
			);
			name = SonnetCreate;
			packageProductDependencies = (
				B66C46C1CF946DC42CF32CC2 /* AppCore */,
				3722969A975C520EC306C467 /* DesignSystem */,
				A79C4CEF0465317FD9C7756D /* PersistenceKit */,
				75F6E4913FEF7E67809AA77C /* RenderingKit */,
				8493861596FEF81117D079D6 /* DocumentKit */,
				2009A9936B231F52033452B6 /* FileManagerKit */,
				00F386E97DD83D5B4B114EB5 /* AIAgentKit */,
				C2FB5974A13E9BFA33F4DADE /* ScenarioEditor */,
				2156137A81292CD1ACB4C89C /* MindMapEditor */,
				9E2A054BB2B7B62B5886B52A /* MarkdownEditor */,
				E03BBB394470E4A945388DA5 /* SettingsKit */,
				F258D05B19638E682FD5109D /* BackupKit */,
				D360B4756CE0BA218F903BD9 /* SecurityKit */,
			);
			productName = SonnetCreate;
			productReference = 8573EF3D5CB4A904AC4508A6 /* SonnetCreate.app */;
			productType = "com.apple.product-type.application";
		};
		A5A0A407A34703C5D4AC1A50 /* QuickLookPreview */ = {
			isa = PBXNativeTarget;
			buildConfigurationList = BD0E8EB407FFAD41FF7F72D7 /* Build configuration list for PBXNativeTarget "QuickLookPreview" */;
			buildPhases = (
				EA494DCAD8A214A21474E948 /* Sources */,
				EEE22AC3158B0BB07A5FCAB2 /* Frameworks */,
			);
			buildRules = (
			);
			dependencies = (
			);
			name = QuickLookPreview;
			packageProductDependencies = (
				BDB3362F902C34778C95F899 /* DocumentKit */,
			);
			productName = QuickLookPreview;
			productReference = AB8211ABC3BC87B510ADD380 /* QuickLookPreview.appex */;
			productType = "com.apple.product-type.app-extension";
		};
/* End PBXNativeTarget section */

/* Begin PBXProject section */
		1515F5E085B93D0F8522FF5A /* Project object */ = {
			isa = PBXProject;
			attributes = {
				BuildIndependentTargetsInParallel = YES;
				LastUpgradeCheck = 1430;
				TargetAttributes = {
					74D281AA60F748D27CA909EC = {
						ProvisioningStyle = Automatic;
						TestTargetID = 89D980997194E42E7289F99D;
					};
					89D980997194E42E7289F99D = {
						ProvisioningStyle = Automatic;
					};
					A5A0A407A34703C5D4AC1A50 = {
						ProvisioningStyle = Automatic;
					};
				};
			};
			buildConfigurationList = 75B058B64BE451931B228F23 /* Build configuration list for PBXProject "SonnetCreate" */;
			developmentRegion = en;
			hasScannedForEncodings = 0;
			knownRegions = (
				Base,
				en,
			);
			mainGroup = AE2B1751915E0933BD82B074;
			minimizedProjectReferenceProxies = 1;
			packageReferences = (
				BE4D39DE5D83D229E53B0FAE /* XCLocalSwiftPackageReference "../Packages/AIAgentKit" */,
				798D86D68A40A2A0048AC6CA /* XCLocalSwiftPackageReference "../Packages/AppCore" */,
				130DD7AE102FF0BB290BDC08 /* XCLocalSwiftPackageReference "../Packages/BackupKit" */,
				60391739B958E85E85F04D6F /* XCLocalSwiftPackageReference "../Packages/DesignSystem" */,
				920A4AA467840DEFC57261C5 /* XCLocalSwiftPackageReference "../Packages/DocumentKit" */,
				CA0C77D86EC92947171FC4E0 /* XCLocalSwiftPackageReference "../Packages/FileManagerKit" */,
				1D1EF3FEE198DBB7E8DAC12C /* XCLocalSwiftPackageReference "../Packages/MarkdownEditor" */,
				1DE997CF792E8461FA6465BA /* XCLocalSwiftPackageReference "../Packages/MindMapEditor" */,
				6B5D2558DA78A41873A4740B /* XCLocalSwiftPackageReference "../Packages/PersistenceKit" */,
				0E871095F5739784899E3240 /* XCLocalSwiftPackageReference "../Packages/RenderingKit" */,
				3DEFF15157D88D4915789E92 /* XCLocalSwiftPackageReference "../Packages/ScenarioEditor" */,
				2568A59297F2487F126D23BF /* XCLocalSwiftPackageReference "../Packages/SecurityKit" */,
				DE2F6BB13BFCD7C80A18546E /* XCLocalSwiftPackageReference "../Packages/SettingsKit" */,
			);
			preferredProjectObjectVersion = 77;
			productRefGroup = 0282DD7997A0230628ECF015 /* Products */;
			projectDirPath = "";
			projectRoot = "";
			targets = (
				A5A0A407A34703C5D4AC1A50 /* QuickLookPreview */,
				89D980997194E42E7289F99D /* SonnetCreate */,
				74D281AA60F748D27CA909EC /* SonnetCreateUITests */,
			);
		};
/* End PBXProject section */

/* Begin PBXResourcesBuildPhase section */
		49160F96D564B0657BC05AB6 /* Resources */ = {
			isa = PBXResourcesBuildPhase;
			buildActionMask = 2147483647;
			files = (
				C583879B0B6F94558BFF19A2 /* Assets.xcassets in Resources */,
			);
			runOnlyForDeploymentPostprocessing = 0;
		};
/* End PBXResourcesBuildPhase section */

/* Begin PBXSourcesBuildPhase section */
		84B47D09394FDAB05DCF04C9 /* Sources */ = {
			isa = PBXSourcesBuildPhase;
			buildActionMask = 2147483647;
			files = (
				C37F37214D6BB885234F7E72 /* CoreFlowsUITests.swift in Sources */,
			);
			runOnlyForDeploymentPostprocessing = 0;
		};
		D81CC33213E6A4C2B1ACC9D2 /* Sources */ = {
			isa = PBXSourcesBuildPhase;
			buildActionMask = 2147483647;
			files = (
				FC2A014B0269B528555A98D5 /* AIChatView.swift in Sources */,
				73C1957625A8EF96EE98588F /* AppKitTweaks.swift in Sources */,
				CE45AB899CBA391F2CACB07F /* AppState.swift in Sources */,
				376249414C17B9E064AD94FD /* BackupTimelineView.swift in Sources */,
				DE91361733956BCE990D585A /* CommandPaletteView.swift in Sources */,
				AF49D942F7AC3E75387EBE40 /* DocumentSession.swift in Sources */,
				519495F81274ADAC54E8A6BA /* GuideProjectSystem.swift in Sources */,
				0C284ADB41A294CE0AAD7C89 /* HomeView.swift in Sources */,
				C494EDD5B6181E2B58C3A896 /* MainWindowView.swift in Sources */,
				0DD98C875149FAACF0F32715 /* OnboardingView.swift in Sources */,
				51C286220DFB354DA4F2100C /* ProfileView.swift in Sources */,
				5E9DA683C799988C7528B0D5 /* ProjectNavigatorView.swift in Sources */,
				037F14B6FF278676A602E731 /* ProjectsView.swift in Sources */,
				0653D6C5B62061E13B71F1EA /* ReferencePanelView.swift in Sources */,
				67055F5F043BA0459DC2E0D9 /* SidebarView.swift in Sources */,
				2B4FEF7DA64585999B5A0B72 /* SnapshotPanelView.swift in Sources */,
				DEDBCA2FAA6C5AACAAD3ADE0 /* SonnetCreateApp.swift in Sources */,
				B0E08BE2CC13E2A7FB413884 /* SplashView.swift in Sources */,
				38DE31DACDA9CBF0F29371FD /* StatsLedger.swift in Sources */,
				0C8F489439A4B5B19DA05CAE /* TouchBarController.swift in Sources */,
				D07FC1590E903DE8C0F8D3DE /* UpdateSystem.swift in Sources */,
				FFFA892331E744FA409EFB45 /* WorkspaceTools.swift in Sources */,
			);
			runOnlyForDeploymentPostprocessing = 0;
		};
		EA494DCAD8A214A21474E948 /* Sources */ = {
			isa = PBXSourcesBuildPhase;
			buildActionMask = 2147483647;
			files = (
				A96F92D2F89ED82A866DDCAE /* PreviewHTML.swift in Sources */,
				6153C6BC26EA5E188A2BF0AC /* PreviewProvider.swift in Sources */,
			);
			runOnlyForDeploymentPostprocessing = 0;
		};
/* End PBXSourcesBuildPhase section */

/* Begin PBXTargetDependency section */
		59FF9EC06713ABFE6B9E0A60 /* PBXTargetDependency */ = {
			isa = PBXTargetDependency;
			target = A5A0A407A34703C5D4AC1A50 /* QuickLookPreview */;
			targetProxy = ECDBEF22FAB2425C20A3015E /* PBXContainerItemProxy */;
		};
		C41BB1E9A2A6A932629DA982 /* PBXTargetDependency */ = {
			isa = PBXTargetDependency;
			target = 89D980997194E42E7289F99D /* SonnetCreate */;
			targetProxy = 35A797695D238333CCEE848A /* PBXContainerItemProxy */;
		};
/* End PBXTargetDependency section */

/* Begin XCBuildConfiguration section */
		0162E8178BD4049E79F46963 /* Debug */ = {
			isa = XCBuildConfiguration;
			buildSettings = {
				ALWAYS_SEARCH_USER_PATHS = NO;
				CLANG_ANALYZER_NONNULL = YES;
				CLANG_ANALYZER_NUMBER_OBJECT_CONVERSION = YES_AGGRESSIVE;
				CLANG_CXX_LANGUAGE_STANDARD = "gnu++14";
				CLANG_CXX_LIBRARY = "libc++";
				CLANG_ENABLE_MODULES = YES;
				CLANG_ENABLE_OBJC_ARC = YES;
				CLANG_ENABLE_OBJC_WEAK = YES;
				CLANG_WARN_BLOCK_CAPTURE_AUTORELEASING = YES;
				CLANG_WARN_BOOL_CONVERSION = YES;
				CLANG_WARN_COMMA = YES;
				CLANG_WARN_CONSTANT_CONVERSION = YES;
				CLANG_WARN_DEPRECATED_OBJC_IMPLEMENTATIONS = YES;
				CLANG_WARN_DIRECT_OBJC_ISA_USAGE = YES_ERROR;
				CLANG_WARN_DOCUMENTATION_COMMENTS = YES;
				CLANG_WARN_EMPTY_BODY = YES;
				CLANG_WARN_ENUM_CONVERSION = YES;
				CLANG_WARN_INFINITE_RECURSION = YES;
				CLANG_WARN_INT_CONVERSION = YES;
				CLANG_WARN_NON_LITERAL_NULL_CONVERSION = YES;
				CLANG_WARN_OBJC_IMPLICIT_RETAIN_SELF = YES;
				CLANG_WARN_OBJC_LITERAL_CONVERSION = YES;
				CLANG_WARN_OBJC_ROOT_CLASS = YES_ERROR;
				CLANG_WARN_QUOTED_INCLUDE_IN_FRAMEWORK_HEADER = YES;
				CLANG_WARN_RANGE_LOOP_ANALYSIS = YES;
				CLANG_WARN_STRICT_PROTOTYPES = YES;
				CLANG_WARN_SUSPICIOUS_MOVE = YES;
				CLANG_WARN_UNGUARDED_AVAILABILITY = YES_AGGRESSIVE;
				CLANG_WARN_UNREACHABLE_CODE = YES;
				CLANG_WARN__DUPLICATE_METHOD_MATCH = YES;
				COPY_PHASE_STRIP = NO;
				CURRENT_PROJECT_VERSION = 8;
				DEBUG_INFORMATION_FORMAT = dwarf;
				ENABLE_STRICT_OBJC_MSGSEND = YES;
				ENABLE_TESTABILITY = YES;
				GCC_C_LANGUAGE_STANDARD = gnu11;
				GCC_DYNAMIC_NO_PIC = NO;
				GCC_NO_COMMON_BLOCKS = YES;
				GCC_OPTIMIZATION_LEVEL = 0;
				GCC_PREPROCESSOR_DEFINITIONS = (
					"$(inherited)",
					"DEBUG=1",
				);
				GCC_WARN_64_TO_32_BIT_CONVERSION = YES;
				GCC_WARN_ABOUT_RETURN_TYPE = YES_ERROR;
				GCC_WARN_UNDECLARED_SELECTOR = YES;
				GCC_WARN_UNINITIALIZED_AUTOS = YES_AGGRESSIVE;
				GCC_WARN_UNUSED_FUNCTION = YES;
				GCC_WARN_UNUSED_VARIABLE = YES;
				MACOSX_DEPLOYMENT_TARGET = 26.0;
				MARKETING_VERSION = 2.0.1;
				MTL_ENABLE_DEBUG_INFO = INCLUDE_SOURCE;
				MTL_FAST_MATH = YES;
				ONLY_ACTIVE_ARCH = YES;
				PRODUCT_NAME = "$(TARGET_NAME)";
				SDKROOT = macosx;
				SWIFT_ACTIVE_COMPILATION_CONDITIONS = DEBUG;
				SWIFT_OPTIMIZATION_LEVEL = "-Onone";
				SWIFT_VERSION = 6.0;
			};
			name = Debug;
		};
		2719138A6CF7ABA75540AE03 /* Debug */ = {
			isa = XCBuildConfiguration;
			buildSettings = {
				CODE_SIGN_ENTITLEMENTS = QuickLookPreview/QuickLookPreview.entitlements;
				CODE_SIGN_STYLE = Automatic;
				COMBINE_HIDPI_IMAGES = YES;
				ENABLE_HARDENED_RUNTIME = YES;
				INFOPLIST_FILE = QuickLookPreview/Info.plist;
				LD_RUNPATH_SEARCH_PATHS = (
					"$(inherited)",
					"@executable_path/../Frameworks",
					"@executable_path/../../../../Frameworks",
				);
				PRODUCT_BUNDLE_IDENTIFIER = com.seolhwarim.sonnetcreate.quicklook;
				SDKROOT = macosx;
			};
			name = Debug;
		};
		2CBFEC15F22C8F8457469AF3 /* Debug */ = {
			isa = XCBuildConfiguration;
			buildSettings = {
				ASSETCATALOG_COMPILER_APPICON_NAME = AppIcon;
				ASSETCATALOG_COMPILER_GLOBAL_ACCENT_COLOR_NAME = AccentColor;
				CODE_SIGN_STYLE = Automatic;
				COMBINE_HIDPI_IMAGES = YES;
				ENABLE_HARDENED_RUNTIME = YES;
				INFOPLIST_FILE = SonnetCreate/Info.plist;
				LD_RUNPATH_SEARCH_PATHS = (
					"$(inherited)",
					"@executable_path/../Frameworks",
				);
				PRODUCT_BUNDLE_IDENTIFIER = com.seolhwarim.sonnetcreate;
				SDKROOT = macosx;
			};
			name = Debug;
		};
		38D51EC064798A9B433A85EE /* Release */ = {
			isa = XCBuildConfiguration;
			buildSettings = {
				ASSETCATALOG_COMPILER_APPICON_NAME = AppIcon;
				ASSETCATALOG_COMPILER_GLOBAL_ACCENT_COLOR_NAME = AccentColor;
				CODE_SIGN_STYLE = Automatic;
				COMBINE_HIDPI_IMAGES = YES;
				ENABLE_HARDENED_RUNTIME = YES;
				INFOPLIST_FILE = SonnetCreate/Info.plist;
				LD_RUNPATH_SEARCH_PATHS = (
					"$(inherited)",
					"@executable_path/../Frameworks",
				);
				PRODUCT_BUNDLE_IDENTIFIER = com.seolhwarim.sonnetcreate;
				SDKROOT = macosx;
			};
			name = Release;
		};
		56914E77EF5ACCCFC951133A /* Release */ = {
			isa = XCBuildConfiguration;
			buildSettings = {
				CODE_SIGN_ENTITLEMENTS = QuickLookPreview/QuickLookPreview.entitlements;
				CODE_SIGN_STYLE = Automatic;
				COMBINE_HIDPI_IMAGES = YES;
				ENABLE_HARDENED_RUNTIME = YES;
				INFOPLIST_FILE = QuickLookPreview/Info.plist;
				LD_RUNPATH_SEARCH_PATHS = (
					"$(inherited)",
					"@executable_path/../Frameworks",
					"@executable_path/../../../../Frameworks",
				);
				PRODUCT_BUNDLE_IDENTIFIER = com.seolhwarim.sonnetcreate.quicklook;
				SDKROOT = macosx;
			};
			name = Release;
		};
		7C30C1EA6837C23D9E1EFE21 /* Release */ = {
			isa = XCBuildConfiguration;
			buildSettings = {
				BUNDLE_LOADER = "$(TEST_HOST)";
				CODE_SIGN_STYLE = Automatic;
				COMBINE_HIDPI_IMAGES = YES;
				GENERATE_INFOPLIST_FILE = YES;
				LD_RUNPATH_SEARCH_PATHS = (
					"$(inherited)",
					"@executable_path/Frameworks",
					"@loader_path/Frameworks",
				);
				PRODUCT_BUNDLE_IDENTIFIER = com.seolhwarim.sonnetcreate.uitests;
				SDKROOT = macosx;
				TEST_TARGET_NAME = SonnetCreate;
			};
			name = Release;
		};
		A0E1EACE4339CADA4CD5F1C6 /* Debug */ = {
			isa = XCBuildConfiguration;
			buildSettings = {
				BUNDLE_LOADER = "$(TEST_HOST)";
				CODE_SIGN_STYLE = Automatic;
				COMBINE_HIDPI_IMAGES = YES;
				GENERATE_INFOPLIST_FILE = YES;
				LD_RUNPATH_SEARCH_PATHS = (
					"$(inherited)",
					"@executable_path/Frameworks",
					"@loader_path/Frameworks",
				);
				PRODUCT_BUNDLE_IDENTIFIER = com.seolhwarim.sonnetcreate.uitests;
				SDKROOT = macosx;
				TEST_TARGET_NAME = SonnetCreate;
			};
			name = Debug;
		};
		D04C75325A1BA9A33D20A936 /* Release */ = {
			isa = XCBuildConfiguration;
			buildSettings = {
				ALWAYS_SEARCH_USER_PATHS = NO;
				CLANG_ANALYZER_NONNULL = YES;
				CLANG_ANALYZER_NUMBER_OBJECT_CONVERSION = YES_AGGRESSIVE;
				CLANG_CXX_LANGUAGE_STANDARD = "gnu++14";
				CLANG_CXX_LIBRARY = "libc++";
				CLANG_ENABLE_MODULES = YES;
				CLANG_ENABLE_OBJC_ARC = YES;
				CLANG_ENABLE_OBJC_WEAK = YES;
				CLANG_WARN_BLOCK_CAPTURE_AUTORELEASING = YES;
				CLANG_WARN_BOOL_CONVERSION = YES;
				CLANG_WARN_COMMA = YES;
				CLANG_WARN_CONSTANT_CONVERSION = YES;
				CLANG_WARN_DEPRECATED_OBJC_IMPLEMENTATIONS = YES;
				CLANG_WARN_DIRECT_OBJC_ISA_USAGE = YES_ERROR;
				CLANG_WARN_DOCUMENTATION_COMMENTS = YES;
				CLANG_WARN_EMPTY_BODY = YES;
				CLANG_WARN_ENUM_CONVERSION = YES;
				CLANG_WARN_INFINITE_RECURSION = YES;
				CLANG_WARN_INT_CONVERSION = YES;
				CLANG_WARN_NON_LITERAL_NULL_CONVERSION = YES;
				CLANG_WARN_OBJC_IMPLICIT_RETAIN_SELF = YES;
				CLANG_WARN_OBJC_LITERAL_CONVERSION = YES;
				CLANG_WARN_OBJC_ROOT_CLASS = YES_ERROR;
				CLANG_WARN_QUOTED_INCLUDE_IN_FRAMEWORK_HEADER = YES;
				CLANG_WARN_RANGE_LOOP_ANALYSIS = YES;
				CLANG_WARN_STRICT_PROTOTYPES = YES;
				CLANG_WARN_SUSPICIOUS_MOVE = YES;
				CLANG_WARN_UNGUARDED_AVAILABILITY = YES_AGGRESSIVE;
				CLANG_WARN_UNREACHABLE_CODE = YES;
				CLANG_WARN__DUPLICATE_METHOD_MATCH = YES;
				COPY_PHASE_STRIP = NO;
				CURRENT_PROJECT_VERSION = 8;
				DEBUG_INFORMATION_FORMAT = "dwarf-with-dsym";
				ENABLE_NS_ASSERTIONS = NO;
				ENABLE_STRICT_OBJC_MSGSEND = YES;
				GCC_C_LANGUAGE_STANDARD = gnu11;
				GCC_NO_COMMON_BLOCKS = YES;
				GCC_WARN_64_TO_32_BIT_CONVERSION = YES;
				GCC_WARN_ABOUT_RETURN_TYPE = YES_ERROR;
				GCC_WARN_UNDECLARED_SELECTOR = YES;
				GCC_WARN_UNINITIALIZED_AUTOS = YES_AGGRESSIVE;
				GCC_WARN_UNUSED_FUNCTION = YES;
				GCC_WARN_UNUSED_VARIABLE = YES;
				MACOSX_DEPLOYMENT_TARGET = 26.0;
				MARKETING_VERSION = 2.0.1;
				MTL_ENABLE_DEBUG_INFO = NO;
				MTL_FAST_MATH = YES;
				PRODUCT_NAME = "$(TARGET_NAME)";
				SDKROOT = macosx;
				SWIFT_COMPILATION_MODE = wholemodule;
				SWIFT_OPTIMIZATION_LEVEL = "-O";
				SWIFT_VERSION = 6.0;
			};
			name = Release;
		};
/* End XCBuildConfiguration section */

/* Begin XCConfigurationList section */
		75B058B64BE451931B228F23 /* Build configuration list for PBXProject "SonnetCreate" */ = {
			isa = XCConfigurationList;
			buildConfigurations = (
				0162E8178BD4049E79F46963 /* Debug */,
				D04C75325A1BA9A33D20A936 /* Release */,
			);
			defaultConfigurationIsVisible = 0;
			defaultConfigurationName = Debug;
		};
		B17DA804769ED12D800DF242 /* Build configuration list for PBXNativeTarget "SonnetCreateUITests" */ = {
			isa = XCConfigurationList;
			buildConfigurations = (
				A0E1EACE4339CADA4CD5F1C6 /* Debug */,
				7C30C1EA6837C23D9E1EFE21 /* Release */,
			);
			defaultConfigurationIsVisible = 0;
			defaultConfigurationName = Debug;
		};
		BD0E8EB407FFAD41FF7F72D7 /* Build configuration list for PBXNativeTarget "QuickLookPreview" */ = {
			isa = XCConfigurationList;
			buildConfigurations = (
				2719138A6CF7ABA75540AE03 /* Debug */,
				56914E77EF5ACCCFC951133A /* Release */,
			);
			defaultConfigurationIsVisible = 0;
			defaultConfigurationName = Debug;
		};
		CCF6F510CE47A304E685463C /* Build configuration list for PBXNativeTarget "SonnetCreate" */ = {
			isa = XCConfigurationList;
			buildConfigurations = (
				2CBFEC15F22C8F8457469AF3 /* Debug */,
				38D51EC064798A9B433A85EE /* Release */,
			);
			defaultConfigurationIsVisible = 0;
			defaultConfigurationName = Debug;
		};
/* End XCConfigurationList section */

/* Begin XCLocalSwiftPackageReference section */
		0E871095F5739784899E3240 /* XCLocalSwiftPackageReference "../Packages/RenderingKit" */ = {
			isa = XCLocalSwiftPackageReference;
			relativePath = ../Packages/RenderingKit;
		};
		130DD7AE102FF0BB290BDC08 /* XCLocalSwiftPackageReference "../Packages/BackupKit" */ = {
			isa = XCLocalSwiftPackageReference;
			relativePath = ../Packages/BackupKit;
		};
		1D1EF3FEE198DBB7E8DAC12C /* XCLocalSwiftPackageReference "../Packages/MarkdownEditor" */ = {
			isa = XCLocalSwiftPackageReference;
			relativePath = ../Packages/MarkdownEditor;
		};
		1DE997CF792E8461FA6465BA /* XCLocalSwiftPackageReference "../Packages/MindMapEditor" */ = {
			isa = XCLocalSwiftPackageReference;
			relativePath = ../Packages/MindMapEditor;
		};
		2568A59297F2487F126D23BF /* XCLocalSwiftPackageReference "../Packages/SecurityKit" */ = {
			isa = XCLocalSwiftPackageReference;
			relativePath = ../Packages/SecurityKit;
		};
		3DEFF15157D88D4915789E92 /* XCLocalSwiftPackageReference "../Packages/ScenarioEditor" */ = {
			isa = XCLocalSwiftPackageReference;
			relativePath = ../Packages/ScenarioEditor;
		};
		60391739B958E85E85F04D6F /* XCLocalSwiftPackageReference "../Packages/DesignSystem" */ = {
			isa = XCLocalSwiftPackageReference;
			relativePath = ../Packages/DesignSystem;
		};
		6B5D2558DA78A41873A4740B /* XCLocalSwiftPackageReference "../Packages/PersistenceKit" */ = {
			isa = XCLocalSwiftPackageReference;
			relativePath = ../Packages/PersistenceKit;
		};
		798D86D68A40A2A0048AC6CA /* XCLocalSwiftPackageReference "../Packages/AppCore" */ = {
			isa = XCLocalSwiftPackageReference;
			relativePath = ../Packages/AppCore;
		};
		920A4AA467840DEFC57261C5 /* XCLocalSwiftPackageReference "../Packages/DocumentKit" */ = {
			isa = XCLocalSwiftPackageReference;
			relativePath = ../Packages/DocumentKit;
		};
		BE4D39DE5D83D229E53B0FAE /* XCLocalSwiftPackageReference "../Packages/AIAgentKit" */ = {
			isa = XCLocalSwiftPackageReference;
			relativePath = ../Packages/AIAgentKit;
		};
		CA0C77D86EC92947171FC4E0 /* XCLocalSwiftPackageReference "../Packages/FileManagerKit" */ = {
			isa = XCLocalSwiftPackageReference;
			relativePath = ../Packages/FileManagerKit;
		};
		DE2F6BB13BFCD7C80A18546E /* XCLocalSwiftPackageReference "../Packages/SettingsKit" */ = {
			isa = XCLocalSwiftPackageReference;
			relativePath = ../Packages/SettingsKit;
		};
/* End XCLocalSwiftPackageReference section */

/* Begin XCSwiftPackageProductDependency section */
		00F386E97DD83D5B4B114EB5 /* AIAgentKit */ = {
			isa = XCSwiftPackageProductDependency;
			productName = AIAgentKit;
		};
		2009A9936B231F52033452B6 /* FileManagerKit */ = {
			isa = XCSwiftPackageProductDependency;
			productName = FileManagerKit;
		};
		2156137A81292CD1ACB4C89C /* MindMapEditor */ = {
			isa = XCSwiftPackageProductDependency;
			productName = MindMapEditor;
		};
		3722969A975C520EC306C467 /* DesignSystem */ = {
			isa = XCSwiftPackageProductDependency;
			productName = DesignSystem;
		};
		75F6E4913FEF7E67809AA77C /* RenderingKit */ = {
			isa = XCSwiftPackageProductDependency;
			productName = RenderingKit;
		};
		8493861596FEF81117D079D6 /* DocumentKit */ = {
			isa = XCSwiftPackageProductDependency;
			productName = DocumentKit;
		};
		9E2A054BB2B7B62B5886B52A /* MarkdownEditor */ = {
			isa = XCSwiftPackageProductDependency;
			productName = MarkdownEditor;
		};
		A79C4CEF0465317FD9C7756D /* PersistenceKit */ = {
			isa = XCSwiftPackageProductDependency;
			productName = PersistenceKit;
		};
		B66C46C1CF946DC42CF32CC2 /* AppCore */ = {
			isa = XCSwiftPackageProductDependency;
			productName = AppCore;
		};
		BDB3362F902C34778C95F899 /* DocumentKit */ = {
			isa = XCSwiftPackageProductDependency;
			productName = DocumentKit;
		};
		C2FB5974A13E9BFA33F4DADE /* ScenarioEditor */ = {
			isa = XCSwiftPackageProductDependency;
			productName = ScenarioEditor;
		};
		D360B4756CE0BA218F903BD9 /* SecurityKit */ = {
			isa = XCSwiftPackageProductDependency;
			productName = SecurityKit;
		};
		E03BBB394470E4A945388DA5 /* SettingsKit */ = {
			isa = XCSwiftPackageProductDependency;
			productName = SettingsKit;
		};
		F258D05B19638E682FD5109D /* BackupKit */ = {
			isa = XCSwiftPackageProductDependency;
			productName = BackupKit;
		};
/* End XCSwiftPackageProductDependency section */
	};
	rootObject = 1515F5E085B93D0F8522FF5A /* Project object */;
}
